
Microsoft Visual Studio Solution File, Format Version 12.00
# Visual Studio 15
VisualStudioVersion = 15.0.27421.1
MinimumVisualStudioVersion = 10.0.40219.1
Project("{FAE04EC0-301F-11D3-BF4B-00C04F79EFBC}") = "ProcessTracing", "ProcessTracing\ProcessTracing.csproj", "{F5371810-A533-4DEE-9D1A-A226AE141B59}"
EndProject
Global
	GlobalSection(SolutionConfigurationPlatforms) = preSolution
		Debug|Any CPU = Debug|Any CPU
		Release|Any CPU = Release|Any CPU
	EndGlobalSection
	GlobalSection(ProjectConfigurationPlatforms) = postSolution
		{F5371810-A533-4DEE-9D1A-A226AE141B59}.Debug|Any CPU.ActiveCfg = Debug|Any CPU
		{F5371810-A533-4DEE-9D1A-A226AE141B59}.Debug|Any CPU.Build.0 = Debug|Any CPU
		{F5371810-A533-4DEE-9D1A-A226AE141B59}.Release|Any CPU.ActiveCfg = Release|Any CPU
		{F5371810-A533-4DEE-9D1A-A226AE141B59}.Release|Any CPU.Build.0 = Release|Any CPU
	EndGlobalSection
	GlobalSection(SolutionProperties) = preSolution
		HideSolutionNode = FALSE
	EndGlobalSection
	GlobalSection(ExtensibilityGlobals) = postSolution
		SolutionGuid = {D15C2BD1-7541-40E4-B9B3-BE42A7D2FE41}
	EndGlobalSection
EndGlobal
